
Microsoft Visual Studio Solution File, Format Version 12.00
# Visual Studio Version 17
VisualStudioVersion = 17.13.35931.197 d17.13
MinimumVisualStudioVersion = 10.0.40219.1
Project("{FAE04EC0-301F-11D3-BF4B-00C04F79EFBC}") = "Aula3", "Aula3.csproj", "{CFC5E104-D919-4B50-B885-D794B093C19A}"
EndProject
Global
	GlobalSection(SolutionConfigurationPlatforms) = preSolution
		Debug|Any CPU = Debug|Any CPU
		Release|Any CPU = Release|Any CPU
	EndGlobalSection
	GlobalSection(ProjectConfigurationPlatforms) = postSolution
		{CFC5E104-D919-4B50-B885-D794B093C19A}.Debug|Any CPU.ActiveCfg = Debug|Any CPU
		{CFC5E104-D919-4B50-B885-D794B093C19A}.Debug|Any CPU.Build.0 = Debug|Any CPU
		{CFC5E104-D919-4B50-B885-D794B093C19A}.Release|Any CPU.ActiveCfg = Release|Any CPU
		{CFC5E104-D919-4B50-B885-D794B093C19A}.Release|Any CPU.Build.0 = Release|Any CPU
	EndGlobalSection
	GlobalSection(SolutionProperties) = preSolution
		HideSolutionNode = FALSE
	EndGlobalSection
	GlobalSection(ExtensibilityGlobals) = postSolution
		SolutionGuid = {452308A3-DD38-4F2A-8FEE-A5BC935A0BC8}
	EndGlobalSection
EndGlobal
